{
  "object": {
    "pins": [
      {
        "package": "Data4LifeCryptoRSAPSS",
        "repositoryURL": "https://github.com/d4l-data4life/d4l-crypto-rsa-pss-ios",
        "state": {
          "branch": null,
          "revision": "df6623aaf461f18b03cb1e3884792ecd7b32efdb",
          "version": "1.0.0"
        }
      }
    ]
  },
  "version": 1
}
